
Microsoft Visual Studio Solution File, Format Version 11.00
# Visual Studio 2010
Project("{FAE04EC0-301F-11D3-BF4B-00C04F79EFBC}") = "JHash", "JHash\JHash.csproj", "{239D819C-D7BC-4256-9B6B-03755A41D999}"
EndProject
Global
	GlobalSection(SolutionConfigurationPlatforms) = preSolution
		Debug|Any CPU = Debug|Any CPU
		Release|Any CPU = Release|Any CPU
	EndGlobalSection
	GlobalSection(ProjectConfigurationPlatforms) = postSolution
		{239D819C-D7BC-4256-9B6B-03755A41D999}.Debug|Any CPU.ActiveCfg = Debug|Any CPU
		{239D819C-D7BC-4256-9B6B-03755A41D999}.Debug|Any CPU.Build.0 = Debug|Any CPU
		{239D819C-D7BC-4256-9B6B-03755A41D999}.Release|Any CPU.ActiveCfg = Release|Any CPU
		{239D819C-D7BC-4256-9B6B-03755A41D999}.Release|Any CPU.Build.0 = Release|Any CPU
	EndGlobalSection
	GlobalSection(MonoDevelopProperties) = preSolution
		StartupItem = JHash\JHash.csproj
		Policies = $0
		$0.TextStylePolicy = $1
		$1.inheritsSet = Mono
		$1.inheritsScope = text/plain
		$1.scope = text/x-csharp
		$0.CSharpFormattingPolicy = $2
		$2.inheritsSet = Mono
		$2.inheritsScope = text/x-csharp
		$2.scope = text/x-csharp
	EndGlobalSection
EndGlobal
